
Microsoft Visual Studio Solution File, Format Version 12.00
Project("{FAE04EC0-301F-11D3-BF4B-00C04F79EFBC}") = "DxfToGcode", "DxfToGcode\DxfToGcode.csproj", "{1D644D73-B874-4312-8CCA-89718BED035B}"
EndProject
Global
	GlobalSection(SolutionConfigurationPlatforms) = preSolution
		Debug|Any CPU = Debug|Any CPU
		Release|Any CPU = Release|Any CPU
	EndGlobalSection
	GlobalSection(ProjectConfigurationPlatforms) = postSolution
		{1D644D73-B874-4312-8CCA-89718BED035B}.Debug|Any CPU.ActiveCfg = Debug|Any CPU
		{1D644D73-B874-4312-8CCA-89718BED035B}.Debug|Any CPU.Build.0 = Debug|Any CPU
		{1D644D73-B874-4312-8CCA-89718BED035B}.Release|Any CPU.ActiveCfg = Release|Any CPU
		{1D644D73-B874-4312-8CCA-89718BED035B}.Release|Any CPU.Build.0 = Release|Any CPU
	EndGlobalSection
EndGlobal
